{
  "name": "common",
  "version": "1.0.0",
  "lockfileVersion": 2,
  "requires": true,
  "packages": {
    "": {
      "name": "common",
      "version": "1.0.0",
      "license": "ISC",
      "devDependencies": {
        "@types/marked": "^4.0.2",
        "@types/node": "^17.0.14"
      }
    },
    "node_modules/@types/marked": {
      "version": "4.0.2",
      "resolved": "https://registry.npmjs.org/@types/marked/-/marked-4.0.2.tgz",
      "integrity": "sha512-auNrZ/c0w6wsM9DccwVxWHssrMDezHUAXNesdp2RQrCVCyrQbOiSq7yqdJKrUQQpw9VTm7CGYJH2A/YG7jjrjQ==",
      "dev": true
    },
    "node_modules/@types/node": {
      "version": "17.0.14",
      "resolved": "https://registry.npmjs.org/@types/node/-/node-17.0.14.tgz",
      "integrity": "sha512-SbjLmERksKOGzWzPNuW7fJM7fk3YXVTFiZWB/Hs99gwhk+/dnrQRPBQjPW9aO+fi1tAffi9PrwFvsmOKmDTyng==",
      "dev": true
    }
  },
  "dependencies": {
    "@types/marked": {
      "version": "4.0.2",
      "resolved": "https://registry.npmjs.org/@types/marked/-/marked-4.0.2.tgz",
      "integrity": "sha512-auNrZ/c0w6wsM9DccwVxWHssrMDezHUAXNesdp2RQrCVCyrQbOiSq7yqdJKrUQQpw9VTm7CGYJH2A/YG7jjrjQ==",
      "dev": true
    },
    "@types/node": {
      "version": "17.0.14",
      "resolved": "https://registry.npmjs.org/@types/node/-/node-17.0.14.tgz",
      "integrity": "sha512-SbjLmERksKOGzWzPNuW7fJM7fk3YXVTFiZWB/Hs99gwhk+/dnrQRPBQjPW9aO+fi1tAffi9PrwFvsmOKmDTyng==",
      "dev": true
    }
  }
}
